{
  "name": "sudoku-puzzle",
  "version": "1.0.0",
  "lockfileVersion": 1,
  "requires": true,
  "dependencies": {
    "sudoku-solver-js": {
      "version": "0.1.4",
      "resolved": "https://registry.npmjs.org/sudoku-solver-js/-/sudoku-solver-js-0.1.4.tgz",
      "integrity": "sha512-KdxMYfz2M4Y/VNOPHHGuyD40VpYnj89NSonNYzQNDxl6zz9CfGbTI7eVAINEB1mvN+zp5G1+78yHlPmDWZUaCA=="
    }
  }
}
